
Microsoft Visual Studio Solution File, Format Version 12.00
# Visual Studio Version 16
VisualStudioVersion = 16.0.29102.190
MinimumVisualStudioVersion = 10.0.40219.1
Project("{FAE04EC0-301F-11D3-BF4B-00C04F79EFBC}") = "DemoGit", "DemoGit\DemoGit.csproj", "{FF455682-D822-4280-B7B8-8CEB22D4B61E}"
EndProject
Project("{FAE04EC0-301F-11D3-BF4B-00C04F79EFBC}") = "william", "william\william.csproj", "{851073F7-DB0C-4EBF-9314-ECAFFC75307D}"
EndProject
Project("{FAE04EC0-301F-11D3-BF4B-00C04F79EFBC}") = "luis", "luis\luis.csproj", "{D681FDE8-B198-4B07-95B7-963AE319DEEF}"
EndProject
Project("{FAE04EC0-301F-11D3-BF4B-00C04F79EFBC}") = "rene", "rene\rene.csproj", "{83269F87-E43F-48F3-B56B-C9A9D82B1169}"
EndProject
Global
	GlobalSection(SolutionConfigurationPlatforms) = preSolution
		Debug|Any CPU = Debug|Any CPU
		Release|Any CPU = Release|Any CPU
	EndGlobalSection
	GlobalSection(ProjectConfigurationPlatforms) = postSolution
		{FF455682-D822-4280-B7B8-8CEB22D4B61E}.Debug|Any CPU.ActiveCfg = Debug|Any CPU
		{FF455682-D822-4280-B7B8-8CEB22D4B61E}.Debug|Any CPU.Build.0 = Debug|Any CPU
		{FF455682-D822-4280-B7B8-8CEB22D4B61E}.Release|Any CPU.ActiveCfg = Release|Any CPU
		{FF455682-D822-4280-B7B8-8CEB22D4B61E}.Release|Any CPU.Build.0 = Release|Any CPU
		{851073F7-DB0C-4EBF-9314-ECAFFC75307D}.Debug|Any CPU.ActiveCfg = Debug|Any CPU
		{851073F7-DB0C-4EBF-9314-ECAFFC75307D}.Debug|Any CPU.Build.0 = Debug|Any CPU
		{851073F7-DB0C-4EBF-9314-ECAFFC75307D}.Release|Any CPU.ActiveCfg = Release|Any CPU
		{851073F7-DB0C-4EBF-9314-ECAFFC75307D}.Release|Any CPU.Build.0 = Release|Any CPU
		{D681FDE8-B198-4B07-95B7-963AE319DEEF}.Debug|Any CPU.ActiveCfg = Debug|Any CPU
		{D681FDE8-B198-4B07-95B7-963AE319DEEF}.Debug|Any CPU.Build.0 = Debug|Any CPU
		{D681FDE8-B198-4B07-95B7-963AE319DEEF}.Release|Any CPU.ActiveCfg = Release|Any CPU
		{D681FDE8-B198-4B07-95B7-963AE319DEEF}.Release|Any CPU.Build.0 = Release|Any CPU
		{83269F87-E43F-48F3-B56B-C9A9D82B1169}.Debug|Any CPU.ActiveCfg = Debug|Any CPU
		{83269F87-E43F-48F3-B56B-C9A9D82B1169}.Debug|Any CPU.Build.0 = Debug|Any CPU
		{83269F87-E43F-48F3-B56B-C9A9D82B1169}.Release|Any CPU.ActiveCfg = Release|Any CPU
		{83269F87-E43F-48F3-B56B-C9A9D82B1169}.Release|Any CPU.Build.0 = Release|Any CPU
	EndGlobalSection
	GlobalSection(SolutionProperties) = preSolution
		HideSolutionNode = FALSE
	EndGlobalSection
	GlobalSection(ExtensibilityGlobals) = postSolution
		SolutionGuid = {D039320C-0E29-47D4-92E1-2615932363D3}
	EndGlobalSection
EndGlobal
